
Microsoft Visual Studio Solution File, Format Version 12.00
# Visual Studio 15
VisualStudioVersion = 15.0.27703.2042
MinimumVisualStudioVersion = 10.0.40219.1
Project("{FAE04EC0-301F-11D3-BF4B-00C04F79EFBC}") = "Component.Infrastructure", "Component.Infrastructure\Component.Infrastructure.csproj", "{AFC667FD-B389-4D91-B216-BB536650553E}"
EndProject
Project("{FAE04EC0-301F-11D3-BF4B-00C04F79EFBC}") = "Component.Application", "Component.Application\Component.Application.csproj", "{1024B0D6-A180-4DEE-A1F7-C04888D4E2C4}"
EndProject
Project("{FAE04EC0-301F-11D3-BF4B-00C04F79EFBC}") = "Component.Application.Query", "Component.Application.Query\Component.Application.Query.csproj", "{31C4D268-0DA4-41D6-A453-715B1B39EC23}"
EndProject
Project("{FAE04EC0-301F-11D3-BF4B-00C04F79EFBC}") = "Component.Data", "Component.Data\Component.Data.csproj", "{9A5F9093-9B72-46B0-B4D2-102E4CFB15C9}"
EndProject
Project("{FAE04EC0-301F-11D3-BF4B-00C04F79EFBC}") = "Component.Data.Repository", "Component.Data.Repository\Component.Data.Repository.csproj", "{BB68004F-81ED-4A50-8AEF-86D385EEABB5}"
EndProject
Project("{FAE04EC0-301F-11D3-BF4B-00C04F79EFBC}") = "Component.Domain.Service", "Component.Domain.Service\Component.Domain.Service.csproj", "{F778C77E-BFE8-4545-8CFC-15133135C0DC}"
EndProject
Project("{FAE04EC0-301F-11D3-BF4B-00C04F79EFBC}") = "Component.UI.MVC", "Component.UI.MVC\Component.UI.MVC.csproj", "{71DE5AA1-9E62-431E-950E-B6E51A4683FA}"
EndProject
Project("{FAE04EC0-301F-11D3-BF4B-00C04F79EFBC}") = "Component.ViewModel", "Component.ViewModel\Component.ViewModel.csproj", "{AD12C6F3-4745-4AE1-ACBF-D64C6CAC7586}"
EndProject
Project("{2150E333-8FDC-42A3-9474-1A3956D46DE8}") = "01.UI", "01.UI", "{F4F09D13-E352-462D-A9A3-311B86A42DF1}"
EndProject
Project("{2150E333-8FDC-42A3-9474-1A3956D46DE8}") = "02.Application", "02.Application", "{1CCA47D4-5196-4A2B-AA8E-73E9B2F5C517}"
EndProject
Project("{2150E333-8FDC-42A3-9474-1A3956D46DE8}") = "03.Domain", "03.Domain", "{8885EAC9-3DB8-4BAE-9A03-922A7E499668}"
EndProject
Project("{2150E333-8FDC-42A3-9474-1A3956D46DE8}") = "04.Infrastructure", "04.Infrastructure", "{07FD7797-32FD-4937-9147-314D8A8FC969}"
EndProject
Project("{2150E333-8FDC-42A3-9474-1A3956D46DE8}") = "05.Data", "05.Data", "{374E2A8A-71FE-414B-B0A5-36F453194622}"
EndProject
Project("{2150E333-8FDC-42A3-9474-1A3956D46DE8}") = "06.Model", "06.Model", "{55451BEA-ACE9-4CB8-960F-3D2EEE26FC13}"
EndProject
Global
	GlobalSection(SolutionConfigurationPlatforms) = preSolution
		Debug|Any CPU = Debug|Any CPU
		Release|Any CPU = Release|Any CPU
	EndGlobalSection
	GlobalSection(ProjectConfigurationPlatforms) = postSolution
		{AFC667FD-B389-4D91-B216-BB536650553E}.Debug|Any CPU.ActiveCfg = Debug|Any CPU
		{AFC667FD-B389-4D91-B216-BB536650553E}.Debug|Any CPU.Build.0 = Debug|Any CPU
		{AFC667FD-B389-4D91-B216-BB536650553E}.Release|Any CPU.ActiveCfg = Release|Any CPU
		{AFC667FD-B389-4D91-B216-BB536650553E}.Release|Any CPU.Build.0 = Release|Any CPU
		{1024B0D6-A180-4DEE-A1F7-C04888D4E2C4}.Debug|Any CPU.ActiveCfg = Debug|Any CPU
		{1024B0D6-A180-4DEE-A1F7-C04888D4E2C4}.Debug|Any CPU.Build.0 = Debug|Any CPU
		{1024B0D6-A180-4DEE-A1F7-C04888D4E2C4}.Release|Any CPU.ActiveCfg = Release|Any CPU
		{1024B0D6-A180-4DEE-A1F7-C04888D4E2C4}.Release|Any CPU.Build.0 = Release|Any CPU
		{31C4D268-0DA4-41D6-A453-715B1B39EC23}.Debug|Any CPU.ActiveCfg = Debug|Any CPU
		{31C4D268-0DA4-41D6-A453-715B1B39EC23}.Debug|Any CPU.Build.0 = Debug|Any CPU
		{31C4D268-0DA4-41D6-A453-715B1B39EC23}.Release|Any CPU.ActiveCfg = Release|Any CPU
		{31C4D268-0DA4-41D6-A453-715B1B39EC23}.Release|Any CPU.Build.0 = Release|Any CPU
		{9A5F9093-9B72-46B0-B4D2-102E4CFB15C9}.Debug|Any CPU.ActiveCfg = Debug|Any CPU
		{9A5F9093-9B72-46B0-B4D2-102E4CFB15C9}.Debug|Any CPU.Build.0 = Debug|Any CPU
		{9A5F9093-9B72-46B0-B4D2-102E4CFB15C9}.Release|Any CPU.ActiveCfg = Release|Any CPU
		{9A5F9093-9B72-46B0-B4D2-102E4CFB15C9}.Release|Any CPU.Build.0 = Release|Any CPU
		{BB68004F-81ED-4A50-8AEF-86D385EEABB5}.Debug|Any CPU.ActiveCfg = Debug|Any CPU
		{BB68004F-81ED-4A50-8AEF-86D385EEABB5}.Debug|Any CPU.Build.0 = Debug|Any CPU
		{BB68004F-81ED-4A50-8AEF-86D385EEABB5}.Release|Any CPU.ActiveCfg = Release|Any CPU
		{BB68004F-81ED-4A50-8AEF-86D385EEABB5}.Release|Any CPU.Build.0 = Release|Any CPU
		{F778C77E-BFE8-4545-8CFC-15133135C0DC}.Debug|Any CPU.ActiveCfg = Debug|Any CPU
		{F778C77E-BFE8-4545-8CFC-15133135C0DC}.Debug|Any CPU.Build.0 = Debug|Any CPU
		{F778C77E-BFE8-4545-8CFC-15133135C0DC}.Release|Any CPU.ActiveCfg = Release|Any CPU
		{F778C77E-BFE8-4545-8CFC-15133135C0DC}.Release|Any CPU.Build.0 = Release|Any CPU
		{71DE5AA1-9E62-431E-950E-B6E51A4683FA}.Debug|Any CPU.ActiveCfg = Debug|Any CPU
		{71DE5AA1-9E62-431E-950E-B6E51A4683FA}.Debug|Any CPU.Build.0 = Debug|Any CPU
		{71DE5AA1-9E62-431E-950E-B6E51A4683FA}.Release|Any CPU.ActiveCfg = Release|Any CPU
		{71DE5AA1-9E62-431E-950E-B6E51A4683FA}.Release|Any CPU.Build.0 = Release|Any CPU
		{AD12C6F3-4745-4AE1-ACBF-D64C6CAC7586}.Debug|Any CPU.ActiveCfg = Debug|Any CPU
		{AD12C6F3-4745-4AE1-ACBF-D64C6CAC7586}.Debug|Any CPU.Build.0 = Debug|Any CPU
		{AD12C6F3-4745-4AE1-ACBF-D64C6CAC7586}.Release|Any CPU.ActiveCfg = Release|Any CPU
		{AD12C6F3-4745-4AE1-ACBF-D64C6CAC7586}.Release|Any CPU.Build.0 = Release|Any CPU
	EndGlobalSection
	GlobalSection(SolutionProperties) = preSolution
		HideSolutionNode = FALSE
	EndGlobalSection
	GlobalSection(NestedProjects) = preSolution
		{AFC667FD-B389-4D91-B216-BB536650553E} = {07FD7797-32FD-4937-9147-314D8A8FC969}
		{1024B0D6-A180-4DEE-A1F7-C04888D4E2C4} = {1CCA47D4-5196-4A2B-AA8E-73E9B2F5C517}
		{31C4D268-0DA4-41D6-A453-715B1B39EC23} = {1CCA47D4-5196-4A2B-AA8E-73E9B2F5C517}
		{9A5F9093-9B72-46B0-B4D2-102E4CFB15C9} = {374E2A8A-71FE-414B-B0A5-36F453194622}
		{BB68004F-81ED-4A50-8AEF-86D385EEABB5} = {374E2A8A-71FE-414B-B0A5-36F453194622}
		{F778C77E-BFE8-4545-8CFC-15133135C0DC} = {8885EAC9-3DB8-4BAE-9A03-922A7E499668}
		{71DE5AA1-9E62-431E-950E-B6E51A4683FA} = {F4F09D13-E352-462D-A9A3-311B86A42DF1}
		{AD12C6F3-4745-4AE1-ACBF-D64C6CAC7586} = {55451BEA-ACE9-4CB8-960F-3D2EEE26FC13}
	EndGlobalSection
	GlobalSection(ExtensibilityGlobals) = postSolution
		SolutionGuid = {BEF8AA50-11C5-4B8A-B7C3-3A0268A0BC1F}
	EndGlobalSection
EndGlobal
