
Microsoft Visual Studio Solution File, Format Version 12.00
# Visual Studio 15
VisualStudioVersion = 15.0.27703.2042
MinimumVisualStudioVersion = 10.0.40219.1
Project("{FAE04EC0-301F-11D3-BF4B-00C04F79EFBC}") = "Component.UI", "Component.UI\Component.UI.csproj", "{F52CC6A5-95C0-416D-A958-CCE1993161FE}"
EndProject
Global
	GlobalSection(SolutionConfigurationPlatforms) = preSolution
		Debug|Any CPU = Debug|Any CPU
		Release|Any CPU = Release|Any CPU
	EndGlobalSection
	GlobalSection(ProjectConfigurationPlatforms) = postSolution
		{F52CC6A5-95C0-416D-A958-CCE1993161FE}.Debug|Any CPU.ActiveCfg = Debug|Any CPU
		{F52CC6A5-95C0-416D-A958-CCE1993161FE}.Debug|Any CPU.Build.0 = Debug|Any CPU
		{F52CC6A5-95C0-416D-A958-CCE1993161FE}.Release|Any CPU.ActiveCfg = Release|Any CPU
		{F52CC6A5-95C0-416D-A958-CCE1993161FE}.Release|Any CPU.Build.0 = Release|Any CPU
	EndGlobalSection
	GlobalSection(SolutionProperties) = preSolution
		HideSolutionNode = FALSE
	EndGlobalSection
	GlobalSection(ExtensibilityGlobals) = postSolution
		SolutionGuid = {A913C7AE-E428-4598-BAA8-61980EA86014}
	EndGlobalSection
EndGlobal
